
Microsoft Visual Studio Solution File, Format Version 12.00
# Visual Studio Version 17
VisualStudioVersion = 17.2.32526.322
MinimumVisualStudioVersion = 10.0.40219.1
Project("{FAE04EC0-301F-11D3-BF4B-00C04F79EFBC}") = "a3-4classestictactoe", "a3-4classestictactoe\a3-4classestictactoe.csproj", "{842622DC-840D-404C-8059-3282F977DE32}"
EndProject
Global
	GlobalSection(SolutionConfigurationPlatforms) = preSolution
		Debug|Any CPU = Debug|Any CPU
		Release|Any CPU = Release|Any CPU
	EndGlobalSection
	GlobalSection(ProjectConfigurationPlatforms) = postSolution
		{842622DC-840D-404C-8059-3282F977DE32}.Debug|Any CPU.ActiveCfg = Debug|Any CPU
		{842622DC-840D-404C-8059-3282F977DE32}.Debug|Any CPU.Build.0 = Debug|Any CPU
		{842622DC-840D-404C-8059-3282F977DE32}.Release|Any CPU.ActiveCfg = Release|Any CPU
		{842622DC-840D-404C-8059-3282F977DE32}.Release|Any CPU.Build.0 = Release|Any CPU
	EndGlobalSection
	GlobalSection(SolutionProperties) = preSolution
		HideSolutionNode = FALSE
	EndGlobalSection
	GlobalSection(ExtensibilityGlobals) = postSolution
		SolutionGuid = {CB79505B-8AB2-413C-971D-9C3367F9830C}
	EndGlobalSection
EndGlobal
